
Microsoft Visual Studio Solution File, Format Version 12.00
# Visual Studio Version 17
VisualStudioVersion = 17.4.33205.214
MinimumVisualStudioVersion = 10.0.40219.1
Project("{9A19103F-16F7-4668-BE54-9A1E7A4F7556}") = "MultiTenantManagedIdentity", "MultiTenantManagedIdentity\MultiTenantManagedIdentity.csproj", "{D818660C-5362-4541-802E-670D0CE01475}"
EndProject
Global
	GlobalSection(SolutionConfigurationPlatforms) = preSolution
		Debug|Any CPU = Debug|Any CPU
		Release|Any CPU = Release|Any CPU
	EndGlobalSection
	GlobalSection(ProjectConfigurationPlatforms) = postSolution
		{D818660C-5362-4541-802E-670D0CE01475}.Debug|Any CPU.ActiveCfg = Debug|Any CPU
		{D818660C-5362-4541-802E-670D0CE01475}.Debug|Any CPU.Build.0 = Debug|Any CPU
		{D818660C-5362-4541-802E-670D0CE01475}.Release|Any CPU.ActiveCfg = Release|Any CPU
		{D818660C-5362-4541-802E-670D0CE01475}.Release|Any CPU.Build.0 = Release|Any CPU
	EndGlobalSection
	GlobalSection(SolutionProperties) = preSolution
		HideSolutionNode = FALSE
	EndGlobalSection
	GlobalSection(ExtensibilityGlobals) = postSolution
		SolutionGuid = {83A24B7E-B7C8-43EE-A891-E29A0B3F50F6}
	EndGlobalSection
EndGlobal
